# This file was autogenerated by Stack.
# You should not edit this file by hand.
# For more information, please see the documentation at:
#   https://docs.haskellstack.org/en/stable/lock_files

packages:
- completed:
    hackage: binary-instances-1@sha256:b17565598b8df3241f9b46fa8e3a3368ecc8e3f2eb175d7c28f319042a6f5c79,2613
    pantry-tree:
      size: 1035
      sha256: 938ffc6990cac12681c657f7afa93737eecf335e6f0212d8c0b7c1ea3e0f40f4
  original:
    hackage: binary-instances-1@sha256:b17565598b8df3241f9b46fa8e3a3368ecc8e3f2eb175d7c28f319042a6f5c79,2613
- completed:
    hackage: envparse-0.4.1@sha256:989902e6368532548f61de1fa245ad2b39176cddd8743b20071af519a709ce30,2842
    pantry-tree:
      size: 1180
      sha256: 35044d67979fe2a5cff05cf8736a06a265592433cdd03e13a72908ceed892612
  original:
    hackage: envparse-0.4.1@sha256:989902e6368532548f61de1fa245ad2b39176cddd8743b20071af519a709ce30,2842
- completed:
    hackage: github-0.22@sha256:13f09e904248a40dd173c08f2859d0dfda178a7c27f88df20b70a0d5a7614757,6909
    pantry-tree:
      size: 7050
      sha256: f290767f547b77ae323da3fb92a662c8a9e5fed1c23f626937e79ae983b84af0
  original:
    hackage: github-0.22@sha256:13f09e904248a40dd173c08f2859d0dfda178a7c27f88df20b70a0d5a7614757,6909
snapshots:
- completed:
    size: 524127
    url: https://raw.githubusercontent.com/commercialhaskell/stackage-snapshots/master/lts/14/6.yaml
    sha256: dc70dfb45e2c32f54719819bd055f46855dd4b3bd2e58b9f3f38729a2d553fbb
  original: lts-14.6
