# This file was autogenerated by Stack.
# You should not edit this file by hand.
# For more information, please see the documentation at:
#   https://docs.haskellstack.org/en/stable/lock_files

packages:
- completed:
    hackage: envparse-0.4.1@sha256:989902e6368532548f61de1fa245ad2b39176cddd8743b20071af519a709ce30,2842
    pantry-tree:
      size: 1180
      sha256: 35044d67979fe2a5cff05cf8736a06a265592433cdd03e13a72908ceed892612
  original:
    hackage: envparse-0.4.1@sha256:989902e6368532548f61de1fa245ad2b39176cddd8743b20071af519a709ce30
- completed:
    hackage: github-0.21@sha256:9d88c84e308723e314069f91c70c0f3fdad6d18976f185f1ae672ce8eee30547,6296
    pantry-tree:
      size: 6648
      sha256: 832e62729292d71f405bb9497939e9e8fd3823d2bcfeab19b543d2d953dc4621
  original:
    hackage: github-0.21@sha256:9d88c84e308723e314069f91c70c0f3fdad6d18976f185f1ae672ce8eee30547
- completed:
    hackage: word-wrap-0.4.1@sha256:f72233b383ef569c557bfd9812cbb8e306c415ce509082c0bd15ee51c0239ccc,1606
    pantry-tree:
      size: 423
      sha256: dcf5071895ee477e60e3c9de1e30eb711e11e9a7335db160616f80baeb20ad71
  original:
    hackage: word-wrap-0.4.1@sha256:f72233b383ef569c557bfd9812cbb8e306c415ce509082c0bd15ee51c0239ccc
snapshots:
- completed:
    size: 497510
    url: https://raw.githubusercontent.com/commercialhaskell/stackage-snapshots/master/lts/13/16.yaml
    sha256: 3e56dd069db766f8e4c0a61ba49611e549c8b7757369fe1a063d1c33548790ac
  original: lts-13.16
